// !$*UTF8*$!
{
	archiveVersion = 1;
	classes = {
	};
	objectVersion = 46;
	objects = {

/* Begin PBXBuildFile section */
		D76C237E1D29861C00CD687F /* AppDelegate.swift in Sources */ = {isa = PBXBuildFile; fileRef = D76C237C1D29861C00CD687F /* AppDelegate.swift */; };
		D76C237F1D29861C00CD687F /* ViewController.swift in Sources */ = {isa = PBXBuildFile; fileRef = D76C237D1D29861C00CD687F /* ViewController.swift */; };
		D76C239F1D29C17900CD687F /* OAuthSwift.framework in Frameworks */ = {isa = PBXBuildFile; fileRef = D76C23901D29C12A00CD687F /* OAuthSwift.framework */; };
		D76C23A01D29C19900CD687F /* OAuthSwift.framework in Embed Frameworks */ = {isa = PBXBuildFile; fileRef = D76C23901D29C12A00CD687F /* OAuthSwift.framework */; settings = {ATTRIBUTES = (CodeSignOnCopy, RemoveHeadersOnCopy, ); }; };
		D76C23A41D29C1B700CD687F /* OAuthSwift.framework in Embed PlugIns */ = {isa = PBXBuildFile; fileRef = D76C23901D29C12A00CD687F /* OAuthSwift.framework */; settings = {ATTRIBUTES = (CodeSignOnCopy, RemoveHeadersOnCopy, ); }; };
		D76C23B11D29D85100CD687F /* Services.swift in Sources */ = {isa = PBXBuildFile; fileRef = D76C23B01D29D85100CD687F /* Services.swift */; };
		D78606CF1D2617140084BD5B /* LoginVC.swift in Sources */ = {isa = PBXBuildFile; fileRef = D78606CE1D2617140084BD5B /* LoginVC.swift */; };
		D78606D11D2618340084BD5B /* SingupVC.swift in Sources */ = {isa = PBXBuildFile; fileRef = D78606D01D2618340084BD5B /* SingupVC.swift */; };
		D7EB280B1D1A38A400672BF3 /* Main.storyboard in Resources */ = {isa = PBXBuildFile; fileRef = D7EB28091D1A38A400672BF3 /* Main.storyboard */; };
		D7EB280D1D1A38A400672BF3 /* Assets.xcassets in Resources */ = {isa = PBXBuildFile; fileRef = D7EB280C1D1A38A400672BF3 /* Assets.xcassets */; };
		D7EB28101D1A38A400672BF3 /* LaunchScreen.storyboard in Resources */ = {isa = PBXBuildFile; fileRef = D7EB280E1D1A38A400672BF3 /* LaunchScreen.storyboard */; };
		D7EB281B1D1A38A400672BF3 /* DailyExerciseTests.swift in Sources */ = {isa = PBXBuildFile; fileRef = D7EB281A1D1A38A400672BF3 /* DailyExerciseTests.swift */; };
		D7EB28261D1A38A400672BF3 /* DailyExerciseUITests.swift in Sources */ = {isa = PBXBuildFile; fileRef = D7EB28251D1A38A400672BF3 /* DailyExerciseUITests.swift */; };
/* End PBXBuildFile section */

/* Begin PBXContainerItemProxy section */
		D76C238F1D29C12A00CD687F /* PBXContainerItemProxy */ = {
			isa = PBXContainerItemProxy;
			containerPortal = D76C23821D29C12A00CD687F /* OAuthSwift.xcodeproj */;
			proxyType = 2;
			remoteGlobalIDString = F435027A1A6791B200038A29;
			remoteInfo = OAuthSwift;
		};
		D76C23911D29C12A00CD687F /* PBXContainerItemProxy */ = {
			isa = PBXContainerItemProxy;
			containerPortal = D76C23821D29C12A00CD687F /* OAuthSwift.xcodeproj */;
			proxyType = 2;
			remoteGlobalIDString = F451E3C5195B8CD80051434C;
			remoteInfo = OAuthSwiftDemo;
		};
		D76C23931D29C12A00CD687F /* PBXContainerItemProxy */ = {
			isa = PBXContainerItemProxy;
			containerPortal = D76C23821D29C12A00CD687F /* OAuthSwift.xcodeproj */;
			proxyType = 2;
			remoteGlobalIDString = C48B28021AFA598D00C7DEF6;
			remoteInfo = OAuthSwiftOSX;
		};
		D76C23951D29C12A00CD687F /* PBXContainerItemProxy */ = {
			isa = PBXContainerItemProxy;
			containerPortal = D76C23821D29C12A00CD687F /* OAuthSwift.xcodeproj */;
			proxyType = 2;
			remoteGlobalIDString = C49FD5241AFB5DF500791E1A;
			remoteInfo = OAuthSwiftOSXDemo;
		};
		D76C23971D29C12A00CD687F /* PBXContainerItemProxy */ = {
			isa = PBXContainerItemProxy;
			containerPortal = D76C23821D29C12A00CD687F /* OAuthSwift.xcodeproj */;
			proxyType = 2;
			remoteGlobalIDString = C4B6EE1E1BF74CE300443596;
			remoteInfo = OAuthSwiftTVOS;
		};
		D76C23991D29C12A00CD687F /* PBXContainerItemProxy */ = {
			isa = PBXContainerItemProxy;
			containerPortal = D76C23821D29C12A00CD687F /* OAuthSwift.xcodeproj */;
			proxyType = 2;
			remoteGlobalIDString = C40890C01C11B37000E3146A;
			remoteInfo = OAuthSwiftWatchOS;
		};
		D76C239B1D29C12A00CD687F /* PBXContainerItemProxy */ = {
			isa = PBXContainerItemProxy;
			containerPortal = D76C23821D29C12A00CD687F /* OAuthSwift.xcodeproj */;
			proxyType = 2;
			remoteGlobalIDString = C4D50DF71BFB693F0053B624;
			remoteInfo = OAuthSwiftTests;
		};
		D76C239D1D29C16900CD687F /* PBXContainerItemProxy */ = {
			isa = PBXContainerItemProxy;
			containerPortal = D76C23821D29C12A00CD687F /* OAuthSwift.xcodeproj */;
			proxyType = 1;
			remoteGlobalIDString = F43502791A6791B200038A29;
			remoteInfo = OAuthSwift;
		};
		D7EB28171D1A38A400672BF3 /* PBXContainerItemProxy */ = {
			isa = PBXContainerItemProxy;
			containerPortal = D7EB27FA1D1A38A400672BF3 /* Project object */;
			proxyType = 1;
			remoteGlobalIDString = D7EB28011D1A38A400672BF3;
			remoteInfo = DailyExercise;
		};
		D7EB28221D1A38A400672BF3 /* PBXContainerItemProxy */ = {
			isa = PBXContainerItemProxy;
			containerPortal = D7EB27FA1D1A38A400672BF3 /* Project object */;
			proxyType = 1;
			remoteGlobalIDString = D7EB28011D1A38A400672BF3;
			remoteInfo = DailyExercise;
		};
/* End PBXContainerItemProxy section */

/* Begin PBXCopyFilesBuildPhase section */
		D7E7AE3D1D2981EC001020AD /* Embed Frameworks */ = {
			isa = PBXCopyFilesBuildPhase;
			buildActionMask = 2147483647;
			dstPath = "";
			dstSubfolderSpec = 10;
			files = (
				D76C23A01D29C19900CD687F /* OAuthSwift.framework in Embed Frameworks */,
			);
			name = "Embed Frameworks";
			runOnlyForDeploymentPostprocessing = 0;
		};
		D7E7AE3E1D2981EC001020AD /* Embed PlugIns */ = {
			isa = PBXCopyFilesBuildPhase;
			buildActionMask = 2147483647;
			dstPath = "";
			dstSubfolderSpec = 13;
			files = (
				D76C23A41D29C1B700CD687F /* OAuthSwift.framework in Embed PlugIns */,
			);
			name = "Embed PlugIns";
			runOnlyForDeploymentPostprocessing = 0;
		};
/* End PBXCopyFilesBuildPhase section */

/* Begin PBXFileReference section */
		D76C237C1D29861C00CD687F /* AppDelegate.swift */ = {isa = PBXFileReference; fileEncoding = 4; lastKnownFileType = sourcecode.swift; path = AppDelegate.swift; sourceTree = "<group>"; };
		D76C237D1D29861C00CD687F /* ViewController.swift */ = {isa = PBXFileReference; fileEncoding = 4; lastKnownFileType = sourcecode.swift; path = ViewController.swift; sourceTree = "<group>"; };
		D76C23821D29C12A00CD687F /* OAuthSwift.xcodeproj */ = {isa = PBXFileReference; lastKnownFileType = "wrapper.pb-project"; name = OAuthSwift.xcodeproj; path = "../../../../Downloads/OAuthSwift-master/OAuthSwift.xcodeproj"; sourceTree = "<group>"; };
		D76C23B01D29D85100CD687F /* Services.swift */ = {isa = PBXFileReference; fileEncoding = 4; lastKnownFileType = sourcecode.swift; path = Services.swift; sourceTree = "<group>"; };
		D78606CE1D2617140084BD5B /* LoginVC.swift */ = {isa = PBXFileReference; fileEncoding = 4; lastKnownFileType = sourcecode.swift; path = LoginVC.swift; sourceTree = "<group>"; };
		D78606D01D2618340084BD5B /* SingupVC.swift */ = {isa = PBXFileReference; fileEncoding = 4; lastKnownFileType = sourcecode.swift; path = SingupVC.swift; sourceTree = "<group>"; };
		D7EB28021D1A38A400672BF3 /* DailyExercise.app */ = {isa = PBXFileReference; explicitFileType = wrapper.application; includeInIndex = 0; path = DailyExercise.app; sourceTree = BUILT_PRODUCTS_DIR; };
		D7EB280A1D1A38A400672BF3 /* Base */ = {isa = PBXFileReference; lastKnownFileType = file.storyboard; name = Base; path = Base.lproj/Main.storyboard; sourceTree = "<group>"; };
		D7EB280C1D1A38A400672BF3 /* Assets.xcassets */ = {isa = PBXFileReference; lastKnownFileType = folder.assetcatalog; path = Assets.xcassets; sourceTree = "<group>"; };
		D7EB280F1D1A38A400672BF3 /* Base */ = {isa = PBXFileReference; lastKnownFileType = file.storyboard; name = Base; path = Base.lproj/LaunchScreen.storyboard; sourceTree = "<group>"; };
		D7EB28111D1A38A400672BF3 /* Info.plist */ = {isa = PBXFileReference; lastKnownFileType = text.plist.xml; path = Info.plist; sourceTree = "<group>"; };
		D7EB28161D1A38A400672BF3 /* DailyExerciseTests.xctest */ = {isa = PBXFileReference; explicitFileType = wrapper.cfbundle; includeInIndex = 0; path = DailyExerciseTests.xctest; sourceTree = BUILT_PRODUCTS_DIR; };
		D7EB281A1D1A38A400672BF3 /* DailyExerciseTests.swift */ = {isa = PBXFileReference; lastKnownFileType = sourcecode.swift; path = DailyExerciseTests.swift; sourceTree = "<group>"; };
		D7EB281C1D1A38A400672BF3 /* Info.plist */ = {isa = PBXFileReference; lastKnownFileType = text.plist.xml; path = Info.plist; sourceTree = "<group>"; };
		D7EB28211D1A38A400672BF3 /* DailyExerciseUITests.xctest */ = {isa = PBXFileReference; explicitFileType = wrapper.cfbundle; includeInIndex = 0; path = DailyExerciseUITests.xctest; sourceTree = BUILT_PRODUCTS_DIR; };
		D7EB28251D1A38A400672BF3 /* DailyExerciseUITests.swift */ = {isa = PBXFileReference; lastKnownFileType = sourcecode.swift; path = DailyExerciseUITests.swift; sourceTree = "<group>"; };
		D7EB28271D1A38A500672BF3 /* Info.plist */ = {isa = PBXFileReference; lastKnownFileType = text.plist.xml; path = Info.plist; sourceTree = "<group>"; };
/* End PBXFileReference section */

/* Begin PBXFrameworksBuildPhase section */
		D7EB27FF1D1A38A400672BF3 /* Frameworks */ = {
			isa = PBXFrameworksBuildPhase;
			buildActionMask = 2147483647;
			files = (
				D76C239F1D29C17900CD687F /* OAuthSwift.framework in Frameworks */,
			);
			runOnlyForDeploymentPostprocessing = 0;
		};
		D7EB28131D1A38A400672BF3 /* Frameworks */ = {
			isa = PBXFrameworksBuildPhase;
			buildActionMask = 2147483647;
			files = (
			);
			runOnlyForDeploymentPostprocessing = 0;
		};
		D7EB281E1D1A38A400672BF3 /* Frameworks */ = {
			isa = PBXFrameworksBuildPhase;
			buildActionMask = 2147483647;
			files = (
			);
			runOnlyForDeploymentPostprocessing = 0;
		};
/* End PBXFrameworksBuildPhase section */

/* Begin PBXGroup section */
		D76C23831D29C12A00CD687F /* Products */ = {
			isa = PBXGroup;
			children = (
				D76C23901D29C12A00CD687F /* OAuthSwift.framework */,
				D76C23921D29C12A00CD687F /* OAuthSwiftDemo.app */,
				D76C23941D29C12A00CD687F /* OAuthSwift.framework */,
				D76C23961D29C12A00CD687F /* OAuthSwiftOSXDemo.app */,
				D76C23981D29C12A00CD687F /* OAuthSwift.framework */,
				D76C239A1D29C12A00CD687F /* OAuthSwift.framework */,
				D76C239C1D29C12A00CD687F /* OAuthSwiftTests.xctest */,
			);
			name = Products;
			sourceTree = "<group>";
		};
		D7EB27F91D1A38A400672BF3 = {
			isa = PBXGroup;
			children = (
				D76C23821D29C12A00CD687F /* OAuthSwift.xcodeproj */,
				D7EB28041D1A38A400672BF3 /* DailyExercise */,
				D7EB28191D1A38A400672BF3 /* DailyExerciseTests */,
				D7EB28241D1A38A400672BF3 /* DailyExerciseUITests */,
				D7EB28031D1A38A400672BF3 /* Products */,
			);
			sourceTree = "<group>";
		};
		D7EB28031D1A38A400672BF3 /* Products */ = {
			isa = PBXGroup;
			children = (
				D7EB28021D1A38A400672BF3 /* DailyExercise.app */,
				D7EB28161D1A38A400672BF3 /* DailyExerciseTests.xctest */,
				D7EB28211D1A38A400672BF3 /* DailyExerciseUITests.xctest */,
			);
			name = Products;
			sourceTree = "<group>";
		};
		D7EB28041D1A38A400672BF3 /* DailyExercise */ = {
			isa = PBXGroup;
			children = (
				D76C23B01D29D85100CD687F /* Services.swift */,
				D76C237C1D29861C00CD687F /* AppDelegate.swift */,
				D76C237D1D29861C00CD687F /* ViewController.swift */,
				D78606CE1D2617140084BD5B /* LoginVC.swift */,
				D7EB28091D1A38A400672BF3 /* Main.storyboard */,
				D7EB280C1D1A38A400672BF3 /* Assets.xcassets */,
				D7EB280E1D1A38A400672BF3 /* LaunchScreen.storyboard */,
				D7EB28111D1A38A400672BF3 /* Info.plist */,
				D78606D01D2618340084BD5B /* SingupVC.swift */,
			);
			path = DailyExercise;
			sourceTree = "<group>";
		};
		D7EB28191D1A38A400672BF3 /* DailyExerciseTests */ = {
			isa = PBXGroup;
			children = (
				D7EB281A1D1A38A400672BF3 /* DailyExerciseTests.swift */,
				D7EB281C1D1A38A400672BF3 /* Info.plist */,
			);
			path = DailyExerciseTests;
			sourceTree = "<group>";
		};
		D7EB28241D1A38A400672BF3 /* DailyExerciseUITests */ = {
			isa = PBXGroup;
			children = (
				D7EB28251D1A38A400672BF3 /* DailyExerciseUITests.swift */,
				D7EB28271D1A38A500672BF3 /* Info.plist */,
			);
			path = DailyExerciseUITests;
			sourceTree = "<group>";
		};
/* End PBXGroup section */

/* Begin PBXNativeTarget section */
		D7EB28011D1A38A400672BF3 /* DailyExercise */ = {
			isa = PBXNativeTarget;
			buildConfigurationList = D7EB282A1D1A38A500672BF3 /* Build configuration list for PBXNativeTarget "DailyExercise" */;
			buildPhases = (
				D7EB27FE1D1A38A400672BF3 /* Sources */,
				D7EB27FF1D1A38A400672BF3 /* Frameworks */,
				D7EB28001D1A38A400672BF3 /* Resources */,
				D7E7AE3D1D2981EC001020AD /* Embed Frameworks */,
				D7E7AE3E1D2981EC001020AD /* Embed PlugIns */,
			);
			buildRules = (
			);
			dependencies = (
				D76C239E1D29C16900CD687F /* PBXTargetDependency */,
			);
			name = DailyExercise;
			productName = DailyExercise;
			productReference = D7EB28021D1A38A400672BF3 /* DailyExercise.app */;
			productType = "com.apple.product-type.application";
		};
		D7EB28151D1A38A400672BF3 /* DailyExerciseTests */ = {
			isa = PBXNativeTarget;
			buildConfigurationList = D7EB282D1D1A38A500672BF3 /* Build configuration list for PBXNativeTarget "DailyExerciseTests" */;
			buildPhases = (
				D7EB28121D1A38A400672BF3 /* Sources */,
				D7EB28131D1A38A400672BF3 /* Frameworks */,
				D7EB28141D1A38A400672BF3 /* Resources */,
			);
			buildRules = (
			);
			dependencies = (
				D7EB28181D1A38A400672BF3 /* PBXTargetDependency */,
			);
			name = DailyExerciseTests;
			productName = DailyExerciseTests;
			productReference = D7EB28161D1A38A400672BF3 /* DailyExerciseTests.xctest */;
			productType = "com.apple.product-type.bundle.unit-test";
		};
		D7EB28201D1A38A400672BF3 /* DailyExerciseUITests */ = {
			isa = PBXNativeTarget;
			buildConfigurationList = D7EB28301D1A38A500672BF3 /* Build configuration list for PBXNativeTarget "DailyExerciseUITests" */;
			buildPhases = (
				D7EB281D1D1A38A400672BF3 /* Sources */,
				D7EB281E1D1A38A400672BF3 /* Frameworks */,
				D7EB281F1D1A38A400672BF3 /* Resources */,
			);
			buildRules = (
			);
			dependencies = (
				D7EB28231D1A38A400672BF3 /* PBXTargetDependency */,
			);
			name = DailyExerciseUITests;
			productName = DailyExerciseUITests;
			productReference = D7EB28211D1A38A400672BF3 /* DailyExerciseUITests.xctest */;
			productType = "com.apple.product-type.bundle.ui-testing";
		};
/* End PBXNativeTarget section */

/* Begin PBXProject section */
		D7EB27FA1D1A38A400672BF3 /* Project object */ = {
			isa = PBXProject;
			attributes = {
				LastSwiftUpdateCheck = 0730;
				LastUpgradeCheck = 0730;
				ORGANIZATIONNAME = "Changhyun Lee";
				TargetAttributes = {
					D7EB28011D1A38A400672BF3 = {
						CreatedOnToolsVersion = 7.3.1;
						DevelopmentTeam = MMZG53RJ3Z;
					};
					D7EB28151D1A38A400672BF3 = {
						CreatedOnToolsVersion = 7.3.1;
						TestTargetID = D7EB28011D1A38A400672BF3;
					};
					D7EB28201D1A38A400672BF3 = {
						CreatedOnToolsVersion = 7.3.1;
						TestTargetID = D7EB28011D1A38A400672BF3;
					};
				};
			};
			buildConfigurationList = D7EB27FD1D1A38A400672BF3 /* Build configuration list for PBXProject "DailyExercise" */;
			compatibilityVersion = "Xcode 3.2";
			developmentRegion = English;
			hasScannedForEncodings = 0;
			knownRegions = (
				en,
				Base,
				ja,
			);
			mainGroup = D7EB27F91D1A38A400672BF3;
			productRefGroup = D7EB28031D1A38A400672BF3 /* Products */;
			projectDirPath = "";
			projectReferences = (
				{
					ProductGroup = D76C23831D29C12A00CD687F /* Products */;
					ProjectRef = D76C23821D29C12A00CD687F /* OAuthSwift.xcodeproj */;
				},
			);
			projectRoot = "";
			targets = (
				D7EB28011D1A38A400672BF3 /* DailyExercise */,
				D7EB28151D1A38A400672BF3 /* DailyExerciseTests */,
				D7EB28201D1A38A400672BF3 /* DailyExerciseUITests */,
			);
		};
/* End PBXProject section */

/* Begin PBXReferenceProxy section */
		D76C23901D29C12A00CD687F /* OAuthSwift.framework */ = {
			isa = PBXReferenceProxy;
			fileType = wrapper.framework;
			path = OAuthSwift.framework;
			remoteRef = D76C238F1D29C12A00CD687F /* PBXContainerItemProxy */;
			sourceTree = BUILT_PRODUCTS_DIR;
		};
		D76C23921D29C12A00CD687F /* OAuthSwiftDemo.app */ = {
			isa = PBXReferenceProxy;
			fileType = wrapper.application;
			path = OAuthSwiftDemo.app;
			remoteRef = D76C23911D29C12A00CD687F /* PBXContainerItemProxy */;
			sourceTree = BUILT_PRODUCTS_DIR;
		};
		D76C23941D29C12A00CD687F /* OAuthSwift.framework */ = {
			isa = PBXReferenceProxy;
			fileType = wrapper.framework;
			path = OAuthSwift.framework;
			remoteRef = D76C23931D29C12A00CD687F /* PBXContainerItemProxy */;
			sourceTree = BUILT_PRODUCTS_DIR;
		};
		D76C23961D29C12A00CD687F /* OAuthSwiftOSXDemo.app */ = {
			isa = PBXReferenceProxy;
			fileType = wrapper.application;
			path = OAuthSwiftOSXDemo.app;
			remoteRef = D76C23951D29C12A00CD687F /* PBXContainerItemProxy */;
			sourceTree = BUILT_PRODUCTS_DIR;
		};
		D76C23981D29C12A00CD687F /* OAuthSwift.framework */ = {
			isa = PBXReferenceProxy;
			fileType = wrapper.framework;
			path = OAuthSwift.framework;
			remoteRef = D76C23971D29C12A00CD687F /* PBXContainerItemProxy */;
			sourceTree = BUILT_PRODUCTS_DIR;
		};
		D76C239A1D29C12A00CD687F /* OAuthSwift.framework */ = {
			isa = PBXReferenceProxy;
			fileType = wrapper.framework;
			path = OAuthSwift.framework;
			remoteRef = D76C23991D29C12A00CD687F /* PBXContainerItemProxy */;
			sourceTree = BUILT_PRODUCTS_DIR;
		};
		D76C239C1D29C12A00CD687F /* OAuthSwiftTests.xctest */ = {
			isa = PBXReferenceProxy;
			fileType = wrapper.cfbundle;
			path = OAuthSwiftTests.xctest;
			remoteRef = D76C239B1D29C12A00CD687F /* PBXContainerItemProxy */;
			sourceTree = BUILT_PRODUCTS_DIR;
		};
/* End PBXReferenceProxy section */

/* Begin PBXResourcesBuildPhase section */
		D7EB28001D1A38A400672BF3 /* Resources */ = {
			isa = PBXResourcesBuildPhase;
			buildActionMask = 2147483647;
			files = (
				D7EB28101D1A38A400672BF3 /* LaunchScreen.storyboard in Resources */,
				D7EB280D1D1A38A400672BF3 /* Assets.xcassets in Resources */,
				D7EB280B1D1A38A400672BF3 /* Main.storyboard in Resources */,
			);
			runOnlyForDeploymentPostprocessing = 0;
		};
		D7EB28141D1A38A400672BF3 /* Resources */ = {
			isa = PBXResourcesBuildPhase;
			buildActionMask = 2147483647;
			files = (
			);
			runOnlyForDeploymentPostprocessing = 0;
		};
		D7EB281F1D1A38A400672BF3 /* Resources */ = {
			isa = PBXResourcesBuildPhase;
			buildActionMask = 2147483647;
			files = (
			);
			runOnlyForDeploymentPostprocessing = 0;
		};
/* End PBXResourcesBuildPhase section */

/* Begin PBXSourcesBuildPhase section */
		D7EB27FE1D1A38A400672BF3 /* Sources */ = {
			isa = PBXSourcesBuildPhase;
			buildActionMask = 2147483647;
			files = (
				D76C237F1D29861C00CD687F /* ViewController.swift in Sources */,
				D76C23B11D29D85100CD687F /* Services.swift in Sources */,
				D76C237E1D29861C00CD687F /* AppDelegate.swift in Sources */,
				D78606D11D2618340084BD5B /* SingupVC.swift in Sources */,
				D78606CF1D2617140084BD5B /* LoginVC.swift in Sources */,
			);
			runOnlyForDeploymentPostprocessing = 0;
		};
		D7EB28121D1A38A400672BF3 /* Sources */ = {
			isa = PBXSourcesBuildPhase;
			buildActionMask = 2147483647;
			files = (
				D7EB281B1D1A38A400672BF3 /* DailyExerciseTests.swift in Sources */,
			);
			runOnlyForDeploymentPostprocessing = 0;
		};
		D7EB281D1D1A38A400672BF3 /* Sources */ = {
			isa = PBXSourcesBuildPhase;
			buildActionMask = 2147483647;
			files = (
				D7EB28261D1A38A400672BF3 /* DailyExerciseUITests.swift in Sources */,
			);
			runOnlyForDeploymentPostprocessing = 0;
		};
/* End PBXSourcesBuildPhase section */

/* Begin PBXTargetDependency section */
		D76C239E1D29C16900CD687F /* PBXTargetDependency */ = {
			isa = PBXTargetDependency;
			name = OAuthSwift;
			targetProxy = D76C239D1D29C16900CD687F /* PBXContainerItemProxy */;
		};
		D7EB28181D1A38A400672BF3 /* PBXTargetDependency */ = {
			isa = PBXTargetDependency;
			target = D7EB28011D1A38A400672BF3 /* DailyExercise */;
			targetProxy = D7EB28171D1A38A400672BF3 /* PBXContainerItemProxy */;
		};
		D7EB28231D1A38A400672BF3 /* PBXTargetDependency */ = {
			isa = PBXTargetDependency;
			target = D7EB28011D1A38A400672BF3 /* DailyExercise */;
			targetProxy = D7EB28221D1A38A400672BF3 /* PBXContainerItemProxy */;
		};
/* End PBXTargetDependency section */

/* Begin PBXVariantGroup section */
		D7EB28091D1A38A400672BF3 /* Main.storyboard */ = {
			isa = PBXVariantGroup;
			children = (
				D7EB280A1D1A38A400672BF3 /* Base */,
			);
			name = Main.storyboard;
			sourceTree = "<group>";
		};
		D7EB280E1D1A38A400672BF3 /* LaunchScreen.storyboard */ = {
			isa = PBXVariantGroup;
			children = (
				D7EB280F1D1A38A400672BF3 /* Base */,
			);
			name = LaunchScreen.storyboard;
			sourceTree = "<group>";
		};
/* End PBXVariantGroup section */

/* Begin XCBuildConfiguration section */
		D7EB28281D1A38A500672BF3 /* Debug */ = {
			isa = XCBuildConfiguration;
			buildSettings = {
				ALWAYS_SEARCH_USER_PATHS = NO;
				CLANG_ANALYZER_NONNULL = YES;
				CLANG_CXX_LANGUAGE_STANDARD = "gnu++0x";
				CLANG_CXX_LIBRARY = "libc++";
				CLANG_ENABLE_MODULES = YES;
				CLANG_ENABLE_OBJC_ARC = YES;
				CLANG_WARN_BOOL_CONVERSION = YES;
				CLANG_WARN_CONSTANT_CONVERSION = YES;
				CLANG_WARN_DIRECT_OBJC_ISA_USAGE = YES_ERROR;
				CLANG_WARN_EMPTY_BODY = YES;
				CLANG_WARN_ENUM_CONVERSION = YES;
				CLANG_WARN_INT_CONVERSION = YES;
				CLANG_WARN_OBJC_ROOT_CLASS = YES_ERROR;
				CLANG_WARN_UNREACHABLE_CODE = YES;
				CLANG_WARN__DUPLICATE_METHOD_MATCH = YES;
				"CODE_SIGN_IDENTITY[sdk=iphoneos*]" = "iPhone Developer";
				COPY_PHASE_STRIP = NO;
				DEBUG_INFORMATION_FORMAT = dwarf;
				ENABLE_STRICT_OBJC_MSGSEND = YES;
				ENABLE_TESTABILITY = YES;
				GCC_C_LANGUAGE_STANDARD = gnu99;
				GCC_DYNAMIC_NO_PIC = NO;
				GCC_NO_COMMON_BLOCKS = YES;
				GCC_OPTIMIZATION_LEVEL = 0;
				GCC_PREPROCESSOR_DEFINITIONS = (
					"DEBUG=1",
					"$(inherited)",
				);
				GCC_WARN_64_TO_32_BIT_CONVERSION = YES;
				GCC_WARN_ABOUT_RETURN_TYPE = YES_ERROR;
				GCC_WARN_UNDECLARED_SELECTOR = YES;
				GCC_WARN_UNINITIALIZED_AUTOS = YES_AGGRESSIVE;
				GCC_WARN_UNUSED_FUNCTION = YES;
				GCC_WARN_UNUSED_VARIABLE = YES;
				IPHONEOS_DEPLOYMENT_TARGET = 9.3;
				MTL_ENABLE_DEBUG_INFO = YES;
				ONLY_ACTIVE_ARCH = YES;
				SDKROOT = iphoneos;
				SWIFT_OPTIMIZATION_LEVEL = "-Onone";
				TARGETED_DEVICE_FAMILY = "1,2";
			};
			name = Debug;
		};
		D7EB28291D1A38A500672BF3 /* Release */ = {
			isa = XCBuildConfiguration;
			buildSettings = {
				ALWAYS_SEARCH_USER_PATHS = NO;
				CLANG_ANALYZER_NONNULL = YES;
				CLANG_CXX_LANGUAGE_STANDARD = "gnu++0x";
				CLANG_CXX_LIBRARY = "libc++";
				CLANG_ENABLE_MODULES = YES;
				CLANG_ENABLE_OBJC_ARC = YES;
				CLANG_WARN_BOOL_CONVERSION = YES;
				CLANG_WARN_CONSTANT_CONVERSION = YES;
				CLANG_WARN_DIRECT_OBJC_ISA_USAGE = YES_ERROR;
				CLANG_WARN_EMPTY_BODY = YES;
				CLANG_WARN_ENUM_CONVERSION = YES;
				CLANG_WARN_INT_CONVERSION = YES;
				CLANG_WARN_OBJC_ROOT_CLASS = YES_ERROR;
				CLANG_WARN_UNREACHABLE_CODE = YES;
				CLANG_WARN__DUPLICATE_METHOD_MATCH = YES;
				"CODE_SIGN_IDENTITY[sdk=iphoneos*]" = "iPhone Developer";
				COPY_PHASE_STRIP = NO;
				DEBUG_INFORMATION_FORMAT = "dwarf-with-dsym";
				ENABLE_NS_ASSERTIONS = NO;
				ENABLE_STRICT_OBJC_MSGSEND = YES;
				GCC_C_LANGUAGE_STANDARD = gnu99;
				GCC_NO_COMMON_BLOCKS = YES;
				GCC_WARN_64_TO_32_BIT_CONVERSION = YES;
				GCC_WARN_ABOUT_RETURN_TYPE = YES_ERROR;
				GCC_WARN_UNDECLARED_SELECTOR = YES;
				GCC_WARN_UNINITIALIZED_AUTOS = YES_AGGRESSIVE;
				GCC_WARN_UNUSED_FUNCTION = YES;
				GCC_WARN_UNUSED_VARIABLE = YES;
				IPHONEOS_DEPLOYMENT_TARGET = 9.3;
				MTL_ENABLE_DEBUG_INFO = NO;
				SDKROOT = iphoneos;
				TARGETED_DEVICE_FAMILY = "1,2";
				VALIDATE_PRODUCT = YES;
			};
			name = Release;
		};
		D7EB282B1D1A38A500672BF3 /* Debug */ = {
			isa = XCBuildConfiguration;
			buildSettings = {
				ASSETCATALOG_COMPILER_APPICON_NAME = AppIcon;
				CODE_SIGN_IDENTITY = "iPhone Developer";
				"CODE_SIGN_IDENTITY[sdk=iphoneos*]" = "iPhone Developer";
				EMBEDDED_CONTENT_CONTAINS_SWIFT = YES;
				INFOPLIST_FILE = DailyExercise/Info.plist;
				LD_RUNPATH_SEARCH_PATHS = "$(inherited) @executable_path/Frameworks";
				PRODUCT_BUNDLE_IDENTIFIER = CHL.DailyExercise;
				PRODUCT_NAME = "$(TARGET_NAME)";
				PROVISIONING_PROFILE = "";
			};
			name = Debug;
		};
		D7EB282C1D1A38A500672BF3 /* Release */ = {
			isa = XCBuildConfiguration;
			buildSettings = {
				ASSETCATALOG_COMPILER_APPICON_NAME = AppIcon;
				CODE_SIGN_IDENTITY = "iPhone Developer";
				"CODE_SIGN_IDENTITY[sdk=iphoneos*]" = "iPhone Developer";
				EMBEDDED_CONTENT_CONTAINS_SWIFT = YES;
				INFOPLIST_FILE = DailyExercise/Info.plist;
				LD_RUNPATH_SEARCH_PATHS = "$(inherited) @executable_path/Frameworks";
				PRODUCT_BUNDLE_IDENTIFIER = CHL.DailyExercise;
				PRODUCT_NAME = "$(TARGET_NAME)";
				PROVISIONING_PROFILE = "";
			};
			name = Release;
		};
		D7EB282E1D1A38A500672BF3 /* Debug */ = {
			isa = XCBuildConfiguration;
			buildSettings = {
				BUNDLE_LOADER = "$(TEST_HOST)";
				INFOPLIST_FILE = DailyExerciseTests/Info.plist;
				LD_RUNPATH_SEARCH_PATHS = "$(inherited) @executable_path/Frameworks @loader_path/Frameworks";
				PRODUCT_BUNDLE_IDENTIFIER = CHL.DailyExerciseTests;
				PRODUCT_NAME = "$(TARGET_NAME)";
				TEST_HOST = "$(BUILT_PRODUCTS_DIR)/DailyExercise.app/DailyExercise";
			};
			name = Debug;
		};
		D7EB282F1D1A38A500672BF3 /* Release */ = {
			isa = XCBuildConfiguration;
			buildSettings = {
				BUNDLE_LOADER = "$(TEST_HOST)";
				INFOPLIST_FILE = DailyExerciseTests/Info.plist;
				LD_RUNPATH_SEARCH_PATHS = "$(inherited) @executable_path/Frameworks @loader_path/Frameworks";
				PRODUCT_BUNDLE_IDENTIFIER = CHL.DailyExerciseTests;
				PRODUCT_NAME = "$(TARGET_NAME)";
				TEST_HOST = "$(BUILT_PRODUCTS_DIR)/DailyExercise.app/DailyExercise";
			};
			name = Release;
		};
		D7EB28311D1A38A500672BF3 /* Debug */ = {
			isa = XCBuildConfiguration;
			buildSettings = {
				INFOPLIST_FILE = DailyExerciseUITests/Info.plist;
				LD_RUNPATH_SEARCH_PATHS = "$(inherited) @executable_path/Frameworks @loader_path/Frameworks";
				PRODUCT_BUNDLE_IDENTIFIER = CHL.DailyExerciseUITests;
				PRODUCT_NAME = "$(TARGET_NAME)";
				TEST_TARGET_NAME = DailyExercise;
			};
			name = Debug;
		};
		D7EB28321D1A38A500672BF3 /* Release */ = {
			isa = XCBuildConfiguration;
			buildSettings = {
				INFOPLIST_FILE = DailyExerciseUITests/Info.plist;
				LD_RUNPATH_SEARCH_PATHS = "$(inherited) @executable_path/Frameworks @loader_path/Frameworks";
				PRODUCT_BUNDLE_IDENTIFIER = CHL.DailyExerciseUITests;
				PRODUCT_NAME = "$(TARGET_NAME)";
				TEST_TARGET_NAME = DailyExercise;
			};
			name = Release;
		};
/* End XCBuildConfiguration section */

/* Begin XCConfigurationList section */
		D7EB27FD1D1A38A400672BF3 /* Build configuration list for PBXProject "DailyExercise" */ = {
			isa = XCConfigurationList;
			buildConfigurations = (
				D7EB28281D1A38A500672BF3 /* Debug */,
				D7EB28291D1A38A500672BF3 /* Release */,
			);
			defaultConfigurationIsVisible = 0;
			defaultConfigurationName = Release;
		};
		D7EB282A1D1A38A500672BF3 /* Build configuration list for PBXNativeTarget "DailyExercise" */ = {
			isa = XCConfigurationList;
			buildConfigurations = (
				D7EB282B1D1A38A500672BF3 /* Debug */,
				D7EB282C1D1A38A500672BF3 /* Release */,
			);
			defaultConfigurationIsVisible = 0;
			defaultConfigurationName = Release;
		};
		D7EB282D1D1A38A500672BF3 /* Build configuration list for PBXNativeTarget "DailyExerciseTests" */ = {
			isa = XCConfigurationList;
			buildConfigurations = (
				D7EB282E1D1A38A500672BF3 /* Debug */,
				D7EB282F1D1A38A500672BF3 /* Release */,
			);
			defaultConfigurationIsVisible = 0;
			defaultConfigurationName = Release;
		};
		D7EB28301D1A38A500672BF3 /* Build configuration list for PBXNativeTarget "DailyExerciseUITests" */ = {
			isa = XCConfigurationList;
			buildConfigurations = (
				D7EB28311D1A38A500672BF3 /* Debug */,
				D7EB28321D1A38A500672BF3 /* Release */,
			);
			defaultConfigurationIsVisible = 0;
			defaultConfigurationName = Release;
		};
/* End XCConfigurationList section */
	};
	rootObject = D7EB27FA1D1A38A400672BF3 /* Project object */;
}
